
Microsoft Visual Studio Solution File, Format Version 12.00
# Visual Studio 15
VisualStudioVersion = 15.0.26124.0
MinimumVisualStudioVersion = 15.0.26124.0
Project("{FAE04EC0-301F-11D3-BF4B-00C04F79EFBC}") = "EpsilonScript", "EpsilonScript\EpsilonScript.csproj", "{248BE55A-DDD4-446D-999B-EB7499E7DFAB}"
EndProject
Project("{FAE04EC0-301F-11D3-BF4B-00C04F79EFBC}") = "EpsilonScript.Tests", "EpsilonScript.Tests\EpsilonScript.Tests.csproj", "{821086F4-BA0A-46CB-B0D4-26E8920B5556}"
EndProject
Global
	GlobalSection(SolutionConfigurationPlatforms) = preSolution
		Debug|Any CPU = Debug|Any CPU
		Debug|x64 = Debug|x64
		Debug|x86 = Debug|x86
		Release|Any CPU = Release|Any CPU
		Release|x64 = Release|x64
		Release|x86 = Release|x86
	EndGlobalSection
	GlobalSection(SolutionProperties) = preSolution
		HideSolutionNode = FALSE
	EndGlobalSection
	GlobalSection(ProjectConfigurationPlatforms) = postSolution
		{248BE55A-DDD4-446D-999B-EB7499E7DFAB}.Debug|Any CPU.ActiveCfg = Debug|Any CPU
		{248BE55A-DDD4-446D-999B-EB7499E7DFAB}.Debug|Any CPU.Build.0 = Debug|Any CPU
		{248BE55A-DDD4-446D-999B-EB7499E7DFAB}.Debug|x64.ActiveCfg = Debug|Any CPU
		{248BE55A-DDD4-446D-999B-EB7499E7DFAB}.Debug|x64.Build.0 = Debug|Any CPU
		{248BE55A-DDD4-446D-999B-EB7499E7DFAB}.Debug|x86.ActiveCfg = Debug|Any CPU
		{248BE55A-DDD4-446D-999B-EB7499E7DFAB}.Debug|x86.Build.0 = Debug|Any CPU
		{248BE55A-DDD4-446D-999B-EB7499E7DFAB}.Release|Any CPU.ActiveCfg = Release|Any CPU
		{248BE55A-DDD4-446D-999B-EB7499E7DFAB}.Release|Any CPU.Build.0 = Release|Any CPU
		{248BE55A-DDD4-446D-999B-EB7499E7DFAB}.Release|x64.ActiveCfg = Release|Any CPU
		{248BE55A-DDD4-446D-999B-EB7499E7DFAB}.Release|x64.Build.0 = Release|Any CPU
		{248BE55A-DDD4-446D-999B-EB7499E7DFAB}.Release|x86.ActiveCfg = Release|Any CPU
		{248BE55A-DDD4-446D-999B-EB7499E7DFAB}.Release|x86.Build.0 = Release|Any CPU
		{821086F4-BA0A-46CB-B0D4-26E8920B5556}.Debug|Any CPU.ActiveCfg = Debug|Any CPU
		{821086F4-BA0A-46CB-B0D4-26E8920B5556}.Debug|Any CPU.Build.0 = Debug|Any CPU
		{821086F4-BA0A-46CB-B0D4-26E8920B5556}.Debug|x64.ActiveCfg = Debug|Any CPU
		{821086F4-BA0A-46CB-B0D4-26E8920B5556}.Debug|x64.Build.0 = Debug|Any CPU
		{821086F4-BA0A-46CB-B0D4-26E8920B5556}.Debug|x86.ActiveCfg = Debug|Any CPU
		{821086F4-BA0A-46CB-B0D4-26E8920B5556}.Debug|x86.Build.0 = Debug|Any CPU
		{821086F4-BA0A-46CB-B0D4-26E8920B5556}.Release|Any CPU.ActiveCfg = Release|Any CPU
		{821086F4-BA0A-46CB-B0D4-26E8920B5556}.Release|Any CPU.Build.0 = Release|Any CPU
		{821086F4-BA0A-46CB-B0D4-26E8920B5556}.Release|x64.ActiveCfg = Release|Any CPU
		{821086F4-BA0A-46CB-B0D4-26E8920B5556}.Release|x64.Build.0 = Release|Any CPU
		{821086F4-BA0A-46CB-B0D4-26E8920B5556}.Release|x86.ActiveCfg = Release|Any CPU
		{821086F4-BA0A-46CB-B0D4-26E8920B5556}.Release|x86.Build.0 = Release|Any CPU
	EndGlobalSection
EndGlobal
